
Microsoft Visual Studio Solution File, Format Version 12.00
# Visual Studio Version 17
VisualStudioVersion = 17.11.35303.130
MinimumVisualStudioVersion = 10.0.40219.1
Project("{FAE04EC0-301F-11D3-BF4B-00C04F79EFBC}") = "1-AdonetCustomerProject", "1-AdonetCustomerProject\1-AdonetCustomerProject.csproj", "{5C3DE103-F16E-4909-976B-E9F68F70F9CA}"
EndProject
Global
	GlobalSection(SolutionConfigurationPlatforms) = preSolution
		Debug|Any CPU = Debug|Any CPU
		Release|Any CPU = Release|Any CPU
	EndGlobalSection
	GlobalSection(ProjectConfigurationPlatforms) = postSolution
		{5C3DE103-F16E-4909-976B-E9F68F70F9CA}.Debug|Any CPU.ActiveCfg = Debug|Any CPU
		{5C3DE103-F16E-4909-976B-E9F68F70F9CA}.Debug|Any CPU.Build.0 = Debug|Any CPU
		{5C3DE103-F16E-4909-976B-E9F68F70F9CA}.Release|Any CPU.ActiveCfg = Release|Any CPU
		{5C3DE103-F16E-4909-976B-E9F68F70F9CA}.Release|Any CPU.Build.0 = Release|Any CPU
	EndGlobalSection
	GlobalSection(SolutionProperties) = preSolution
		HideSolutionNode = FALSE
	EndGlobalSection
	GlobalSection(ExtensibilityGlobals) = postSolution
		SolutionGuid = {74556BAD-DE07-4D3C-8AA3-69634D9C034D}
	EndGlobalSection
EndGlobal
